
Microsoft Visual Studio Solution File, Format Version 12.00
# Visual Studio Version 16
VisualStudioVersion = 16.0.31129.286
MinimumVisualStudioVersion = 10.0.40219.1
Project("{9A19103F-16F7-4668-BE54-9A1E7A4F7556}") = "GestionDesVehicules", "GestionDesVehicules\GestionDesVehicules.csproj", "{B18DE9A7-8D64-4117-9660-F099991802CE}"
EndProject
Project("{FAE04EC0-301F-11D3-BF4B-00C04F79EFBC}") = "ClassLibrary", "ClassLibrary\ClassLibrary.csproj", "{FFE6853C-64AB-42BC-B8DC-F51185F6817A}"
EndProject
Global
	GlobalSection(SolutionConfigurationPlatforms) = preSolution
		Debug|Any CPU = Debug|Any CPU
		Release|Any CPU = Release|Any CPU
	EndGlobalSection
	GlobalSection(ProjectConfigurationPlatforms) = postSolution
		{B18DE9A7-8D64-4117-9660-F099991802CE}.Debug|Any CPU.ActiveCfg = Debug|Any CPU
		{B18DE9A7-8D64-4117-9660-F099991802CE}.Debug|Any CPU.Build.0 = Debug|Any CPU
		{B18DE9A7-8D64-4117-9660-F099991802CE}.Release|Any CPU.ActiveCfg = Release|Any CPU
		{B18DE9A7-8D64-4117-9660-F099991802CE}.Release|Any CPU.Build.0 = Release|Any CPU
		{FFE6853C-64AB-42BC-B8DC-F51185F6817A}.Debug|Any CPU.ActiveCfg = Debug|Any CPU
		{FFE6853C-64AB-42BC-B8DC-F51185F6817A}.Debug|Any CPU.Build.0 = Debug|Any CPU
		{FFE6853C-64AB-42BC-B8DC-F51185F6817A}.Release|Any CPU.ActiveCfg = Release|Any CPU
		{FFE6853C-64AB-42BC-B8DC-F51185F6817A}.Release|Any CPU.Build.0 = Release|Any CPU
	EndGlobalSection
	GlobalSection(SolutionProperties) = preSolution
		HideSolutionNode = FALSE
	EndGlobalSection
	GlobalSection(ExtensibilityGlobals) = postSolution
		SolutionGuid = {29756222-3924-4E16-89A6-52F438FD0786}
	EndGlobalSection
EndGlobal
